
Microsoft Visual Studio Solution File, Format Version 12.00
# Visual Studio Version 16
VisualStudioVersion = 16.0.31019.35
MinimumVisualStudioVersion = 10.0.40219.1
Project("{FAE04EC0-301F-11D3-BF4B-00C04F79EFBC}") = "Product of Array Except Self", "Product of Array Except Self\Product of Array Except Self.csproj", "{7C7C299C-EF4F-4561-ADCB-3AA5860EB0EA}"
EndProject
Global
	GlobalSection(SolutionConfigurationPlatforms) = preSolution
		Debug|Any CPU = Debug|Any CPU
		Release|Any CPU = Release|Any CPU
	EndGlobalSection
	GlobalSection(ProjectConfigurationPlatforms) = postSolution
		{7C7C299C-EF4F-4561-ADCB-3AA5860EB0EA}.Debug|Any CPU.ActiveCfg = Debug|Any CPU
		{7C7C299C-EF4F-4561-ADCB-3AA5860EB0EA}.Debug|Any CPU.Build.0 = Debug|Any CPU
		{7C7C299C-EF4F-4561-ADCB-3AA5860EB0EA}.Release|Any CPU.ActiveCfg = Release|Any CPU
		{7C7C299C-EF4F-4561-ADCB-3AA5860EB0EA}.Release|Any CPU.Build.0 = Release|Any CPU
	EndGlobalSection
	GlobalSection(SolutionProperties) = preSolution
		HideSolutionNode = FALSE
	EndGlobalSection
	GlobalSection(ExtensibilityGlobals) = postSolution
		SolutionGuid = {DFBB76FA-DCFE-4A35-B349-B422D63B515F}
	EndGlobalSection
EndGlobal
